
Microsoft Visual Studio Solution File, Format Version 12.00
# Visual Studio Version 17
VisualStudioVersion = 17.13.35931.197
MinimumVisualStudioVersion = 10.0.40219.1
Project("{2150E333-8FDC-42A3-9474-1A3956D46DE8}") = "Services", "Services", "{02EA681E-C7D8-13C7-8484-4AC65E1B71E8}"
EndProject
Project("{2150E333-8FDC-42A3-9474-1A3956D46DE8}") = "Catalog", "Catalog", "{B66E66C3-16D3-4B52-8832-91DB79873A6A}"
EndProject
Project("{FAE04EC0-301F-11D3-BF4B-00C04F79EFBC}") = "Catalog.API", "Services\Catalog\Catalog.API\Catalog.API.csproj", "{53B21B32-C409-4B72-9359-73B76AE21BFA}"
EndProject
Project("{2150E333-8FDC-42A3-9474-1A3956D46DE8}") = "BuildingBlocks", "BuildingBlocks", "{5F3D7AD5-8E2D-423D-9B01-AC63EF0CCBA2}"
EndProject
Project("{FAE04EC0-301F-11D3-BF4B-00C04F79EFBC}") = "BuildingBlocks", "BuildingBlocks\BuildingBlocks\BuildingBlocks.csproj", "{ACEF89E8-E0BF-4061-BE17-BD3E6E339AEE}"
EndProject
Project("{E53339B2-1760-4266-BCC7-CA923CBCF16C}") = "docker-compose", "docker-compose.dcproj", "{81DDED9D-158B-E303-5F62-77A2896D2A5A}"
EndProject
Project("{2150E333-8FDC-42A3-9474-1A3956D46DE8}") = "Basket", "Basket", "{04C717E2-7272-46CA-BA5C-36839BF1F441}"
EndProject
Project("{FAE04EC0-301F-11D3-BF4B-00C04F79EFBC}") = "Basket.API", "Services\Basket\Basket.API\Basket.API.csproj", "{7DDFD8D3-5B0B-48E2-AA6B-2A39B878B244}"
EndProject
Global
	GlobalSection(SolutionConfigurationPlatforms) = preSolution
		Debug|Any CPU = Debug|Any CPU
		Release|Any CPU = Release|Any CPU
	EndGlobalSection
	GlobalSection(ProjectConfigurationPlatforms) = postSolution
		{53B21B32-C409-4B72-9359-73B76AE21BFA}.Debug|Any CPU.ActiveCfg = Debug|Any CPU
		{53B21B32-C409-4B72-9359-73B76AE21BFA}.Debug|Any CPU.Build.0 = Debug|Any CPU
		{53B21B32-C409-4B72-9359-73B76AE21BFA}.Release|Any CPU.ActiveCfg = Release|Any CPU
		{53B21B32-C409-4B72-9359-73B76AE21BFA}.Release|Any CPU.Build.0 = Release|Any CPU
		{ACEF89E8-E0BF-4061-BE17-BD3E6E339AEE}.Debug|Any CPU.ActiveCfg = Debug|Any CPU
		{ACEF89E8-E0BF-4061-BE17-BD3E6E339AEE}.Debug|Any CPU.Build.0 = Debug|Any CPU
		{ACEF89E8-E0BF-4061-BE17-BD3E6E339AEE}.Release|Any CPU.ActiveCfg = Release|Any CPU
		{ACEF89E8-E0BF-4061-BE17-BD3E6E339AEE}.Release|Any CPU.Build.0 = Release|Any CPU
		{81DDED9D-158B-E303-5F62-77A2896D2A5A}.Debug|Any CPU.ActiveCfg = Debug|Any CPU
		{81DDED9D-158B-E303-5F62-77A2896D2A5A}.Debug|Any CPU.Build.0 = Debug|Any CPU
		{81DDED9D-158B-E303-5F62-77A2896D2A5A}.Release|Any CPU.ActiveCfg = Release|Any CPU
		{81DDED9D-158B-E303-5F62-77A2896D2A5A}.Release|Any CPU.Build.0 = Release|Any CPU
		{7DDFD8D3-5B0B-48E2-AA6B-2A39B878B244}.Debug|Any CPU.ActiveCfg = Debug|Any CPU
		{7DDFD8D3-5B0B-48E2-AA6B-2A39B878B244}.Debug|Any CPU.Build.0 = Debug|Any CPU
		{7DDFD8D3-5B0B-48E2-AA6B-2A39B878B244}.Release|Any CPU.ActiveCfg = Release|Any CPU
		{7DDFD8D3-5B0B-48E2-AA6B-2A39B878B244}.Release|Any CPU.Build.0 = Release|Any CPU
	EndGlobalSection
	GlobalSection(SolutionProperties) = preSolution
		HideSolutionNode = FALSE
	EndGlobalSection
	GlobalSection(NestedProjects) = preSolution
		{B66E66C3-16D3-4B52-8832-91DB79873A6A} = {02EA681E-C7D8-13C7-8484-4AC65E1B71E8}
		{53B21B32-C409-4B72-9359-73B76AE21BFA} = {B66E66C3-16D3-4B52-8832-91DB79873A6A}
		{ACEF89E8-E0BF-4061-BE17-BD3E6E339AEE} = {5F3D7AD5-8E2D-423D-9B01-AC63EF0CCBA2}
		{04C717E2-7272-46CA-BA5C-36839BF1F441} = {02EA681E-C7D8-13C7-8484-4AC65E1B71E8}
		{7DDFD8D3-5B0B-48E2-AA6B-2A39B878B244} = {04C717E2-7272-46CA-BA5C-36839BF1F441}
	EndGlobalSection
	GlobalSection(ExtensibilityGlobals) = postSolution
		SolutionGuid = {5519692A-1A9D-4B9B-A960-37CE654E0CCE}
	EndGlobalSection
EndGlobal
