
Microsoft Visual Studio Solution File, Format Version 12.00
# Visual Studio Version 17
VisualStudioVersion = 17.13.35931.197
MinimumVisualStudioVersion = 10.0.40219.1
Project("{2150E333-8FDC-42A3-9474-1A3956D46DE8}") = "Services", "Services", "{02EA681E-C7D8-13C7-8484-4AC65E1B71E8}"
EndProject
Project("{2150E333-8FDC-42A3-9474-1A3956D46DE8}") = "Catalog", "Catalog", "{B66E66C3-16D3-4B52-8832-91DB79873A6A}"
EndProject
Project("{FAE04EC0-301F-11D3-BF4B-00C04F79EFBC}") = "Catalog.API", "Services\Catalog\Catalog.API\Catalog.API.csproj", "{53B21B32-C409-4B72-9359-73B76AE21BFA}"
EndProject
Project("{2150E333-8FDC-42A3-9474-1A3956D46DE8}") = "BuildingBlocks", "BuildingBlocks", "{5F3D7AD5-8E2D-423D-9B01-AC63EF0CCBA2}"
EndProject
Project("{FAE04EC0-301F-11D3-BF4B-00C04F79EFBC}") = "BuildingBlocks", "BuildingBlocks\BuildingBlocks\BuildingBlocks.csproj", "{ACEF89E8-E0BF-4061-BE17-BD3E6E339AEE}"
EndProject
Project("{E53339B2-1760-4266-BCC7-CA923CBCF16C}") = "docker-compose", "docker-compose.dcproj", "{81DDED9D-158B-E303-5F62-77A2896D2A5A}"
EndProject
Project("{2150E333-8FDC-42A3-9474-1A3956D46DE8}") = "Basket", "Basket", "{04C717E2-7272-46CA-BA5C-36839BF1F441}"
EndProject
Project("{FAE04EC0-301F-11D3-BF4B-00C04F79EFBC}") = "Basket.API", "Services\Basket\Basket.API\Basket.API.csproj", "{7DDFD8D3-5B0B-48E2-AA6B-2A39B878B244}"
EndProject
Project("{2150E333-8FDC-42A3-9474-1A3956D46DE8}") = "Discount", "Discount", "{143D9CD0-5559-4B6C-B091-4F3D102121CB}"
EndProject
Project("{FAE04EC0-301F-11D3-BF4B-00C04F79EFBC}") = "Discount.Grpc", "Services\Discount\Discount.Grpc\Discount.Grpc.csproj", "{9A5F4285-CF03-4C10-98EB-576799B837AF}"
EndProject
Project("{2150E333-8FDC-42A3-9474-1A3956D46DE8}") = "Ordering", "Ordering", "{9DCABCEC-05CB-9DF7-9E78-92AAB790D6E2}"
EndProject
Project("{FAE04EC0-301F-11D3-BF4B-00C04F79EFBC}") = "Ordering.API", "Services\Ordering\Ordering.API\Ordering.API.csproj", "{7EF465B4-6DDF-4027-A005-5E0C189BE1CB}"
EndProject
Project("{FAE04EC0-301F-11D3-BF4B-00C04F79EFBC}") = "Ordering.Domain", "Services\Ordering\Ordering.Domain\Ordering.Domain.csproj", "{E715EA7B-94AB-4518-9482-6164EC32CE41}"
EndProject
Project("{FAE04EC0-301F-11D3-BF4B-00C04F79EFBC}") = "Ordering.Application", "Services\Ordering\Ordering.Application\Ordering.Application.csproj", "{B7733F92-24E1-4918-A183-41228366FB2C}"
EndProject
Project("{FAE04EC0-301F-11D3-BF4B-00C04F79EFBC}") = "Ordering.Infrastructure", "Services\Ordering\Ordering.Infrastructure\Ordering.Infrastructure.csproj", "{C8CC23DA-1DC6-4D83-B305-D0F85055BA7C}"
EndProject
Global
	GlobalSection(SolutionConfigurationPlatforms) = preSolution
		Debug|Any CPU = Debug|Any CPU
		Release|Any CPU = Release|Any CPU
	EndGlobalSection
	GlobalSection(ProjectConfigurationPlatforms) = postSolution
		{53B21B32-C409-4B72-9359-73B76AE21BFA}.Debug|Any CPU.ActiveCfg = Debug|Any CPU
		{53B21B32-C409-4B72-9359-73B76AE21BFA}.Debug|Any CPU.Build.0 = Debug|Any CPU
		{53B21B32-C409-4B72-9359-73B76AE21BFA}.Release|Any CPU.ActiveCfg = Release|Any CPU
		{53B21B32-C409-4B72-9359-73B76AE21BFA}.Release|Any CPU.Build.0 = Release|Any CPU
		{ACEF89E8-E0BF-4061-BE17-BD3E6E339AEE}.Debug|Any CPU.ActiveCfg = Debug|Any CPU
		{ACEF89E8-E0BF-4061-BE17-BD3E6E339AEE}.Debug|Any CPU.Build.0 = Debug|Any CPU
		{ACEF89E8-E0BF-4061-BE17-BD3E6E339AEE}.Release|Any CPU.ActiveCfg = Release|Any CPU
		{ACEF89E8-E0BF-4061-BE17-BD3E6E339AEE}.Release|Any CPU.Build.0 = Release|Any CPU
		{81DDED9D-158B-E303-5F62-77A2896D2A5A}.Debug|Any CPU.ActiveCfg = Debug|Any CPU
		{81DDED9D-158B-E303-5F62-77A2896D2A5A}.Debug|Any CPU.Build.0 = Debug|Any CPU
		{81DDED9D-158B-E303-5F62-77A2896D2A5A}.Release|Any CPU.ActiveCfg = Release|Any CPU
		{81DDED9D-158B-E303-5F62-77A2896D2A5A}.Release|Any CPU.Build.0 = Release|Any CPU
		{7DDFD8D3-5B0B-48E2-AA6B-2A39B878B244}.Debug|Any CPU.ActiveCfg = Debug|Any CPU
		{7DDFD8D3-5B0B-48E2-AA6B-2A39B878B244}.Debug|Any CPU.Build.0 = Debug|Any CPU
		{7DDFD8D3-5B0B-48E2-AA6B-2A39B878B244}.Release|Any CPU.ActiveCfg = Release|Any CPU
		{7DDFD8D3-5B0B-48E2-AA6B-2A39B878B244}.Release|Any CPU.Build.0 = Release|Any CPU
		{9A5F4285-CF03-4C10-98EB-576799B837AF}.Debug|Any CPU.ActiveCfg = Debug|Any CPU
		{9A5F4285-CF03-4C10-98EB-576799B837AF}.Debug|Any CPU.Build.0 = Debug|Any CPU
		{9A5F4285-CF03-4C10-98EB-576799B837AF}.Release|Any CPU.ActiveCfg = Release|Any CPU
		{9A5F4285-CF03-4C10-98EB-576799B837AF}.Release|Any CPU.Build.0 = Release|Any CPU
		{7EF465B4-6DDF-4027-A005-5E0C189BE1CB}.Debug|Any CPU.ActiveCfg = Debug|Any CPU
		{7EF465B4-6DDF-4027-A005-5E0C189BE1CB}.Debug|Any CPU.Build.0 = Debug|Any CPU
		{7EF465B4-6DDF-4027-A005-5E0C189BE1CB}.Release|Any CPU.ActiveCfg = Release|Any CPU
		{7EF465B4-6DDF-4027-A005-5E0C189BE1CB}.Release|Any CPU.Build.0 = Release|Any CPU
		{E715EA7B-94AB-4518-9482-6164EC32CE41}.Debug|Any CPU.ActiveCfg = Debug|Any CPU
		{E715EA7B-94AB-4518-9482-6164EC32CE41}.Debug|Any CPU.Build.0 = Debug|Any CPU
		{E715EA7B-94AB-4518-9482-6164EC32CE41}.Release|Any CPU.ActiveCfg = Release|Any CPU
		{E715EA7B-94AB-4518-9482-6164EC32CE41}.Release|Any CPU.Build.0 = Release|Any CPU
		{B7733F92-24E1-4918-A183-41228366FB2C}.Debug|Any CPU.ActiveCfg = Debug|Any CPU
		{B7733F92-24E1-4918-A183-41228366FB2C}.Debug|Any CPU.Build.0 = Debug|Any CPU
		{B7733F92-24E1-4918-A183-41228366FB2C}.Release|Any CPU.ActiveCfg = Release|Any CPU
		{B7733F92-24E1-4918-A183-41228366FB2C}.Release|Any CPU.Build.0 = Release|Any CPU
		{C8CC23DA-1DC6-4D83-B305-D0F85055BA7C}.Debug|Any CPU.ActiveCfg = Debug|Any CPU
		{C8CC23DA-1DC6-4D83-B305-D0F85055BA7C}.Debug|Any CPU.Build.0 = Debug|Any CPU
		{C8CC23DA-1DC6-4D83-B305-D0F85055BA7C}.Release|Any CPU.ActiveCfg = Release|Any CPU
		{C8CC23DA-1DC6-4D83-B305-D0F85055BA7C}.Release|Any CPU.Build.0 = Release|Any CPU
	EndGlobalSection
	GlobalSection(SolutionProperties) = preSolution
		HideSolutionNode = FALSE
	EndGlobalSection
	GlobalSection(NestedProjects) = preSolution
		{B66E66C3-16D3-4B52-8832-91DB79873A6A} = {02EA681E-C7D8-13C7-8484-4AC65E1B71E8}
		{53B21B32-C409-4B72-9359-73B76AE21BFA} = {B66E66C3-16D3-4B52-8832-91DB79873A6A}
		{ACEF89E8-E0BF-4061-BE17-BD3E6E339AEE} = {5F3D7AD5-8E2D-423D-9B01-AC63EF0CCBA2}
		{04C717E2-7272-46CA-BA5C-36839BF1F441} = {02EA681E-C7D8-13C7-8484-4AC65E1B71E8}
		{7DDFD8D3-5B0B-48E2-AA6B-2A39B878B244} = {04C717E2-7272-46CA-BA5C-36839BF1F441}
		{143D9CD0-5559-4B6C-B091-4F3D102121CB} = {02EA681E-C7D8-13C7-8484-4AC65E1B71E8}
		{9A5F4285-CF03-4C10-98EB-576799B837AF} = {143D9CD0-5559-4B6C-B091-4F3D102121CB}
		{9DCABCEC-05CB-9DF7-9E78-92AAB790D6E2} = {02EA681E-C7D8-13C7-8484-4AC65E1B71E8}
		{7EF465B4-6DDF-4027-A005-5E0C189BE1CB} = {9DCABCEC-05CB-9DF7-9E78-92AAB790D6E2}
		{E715EA7B-94AB-4518-9482-6164EC32CE41} = {9DCABCEC-05CB-9DF7-9E78-92AAB790D6E2}
		{B7733F92-24E1-4918-A183-41228366FB2C} = {9DCABCEC-05CB-9DF7-9E78-92AAB790D6E2}
		{C8CC23DA-1DC6-4D83-B305-D0F85055BA7C} = {9DCABCEC-05CB-9DF7-9E78-92AAB790D6E2}
	EndGlobalSection
	GlobalSection(ExtensibilityGlobals) = postSolution
		SolutionGuid = {5519692A-1A9D-4B9B-A960-37CE654E0CCE}
	EndGlobalSection
EndGlobal
